
Microsoft Visual Studio Solution File, Format Version 12.00
# Visual Studio 15
VisualStudioVersion = 15.0.28307.438
MinimumVisualStudioVersion = 10.0.40219.1
Project("{FAE04EC0-301F-11D3-BF4B-00C04F79EFBC}") = "SLNOnTour", "SLNOnTour\SLNOnTour.csproj", "{0703F25A-F0E5-484E-88FA-24E2B657E7D1}"
EndProject
Global
	GlobalSection(SolutionConfigurationPlatforms) = preSolution
		Debug|Any CPU = Debug|Any CPU
		Release|Any CPU = Release|Any CPU
	EndGlobalSection
	GlobalSection(ProjectConfigurationPlatforms) = postSolution
		{0703F25A-F0E5-484E-88FA-24E2B657E7D1}.Debug|Any CPU.ActiveCfg = Debug|Any CPU
		{0703F25A-F0E5-484E-88FA-24E2B657E7D1}.Debug|Any CPU.Build.0 = Debug|Any CPU
		{0703F25A-F0E5-484E-88FA-24E2B657E7D1}.Release|Any CPU.ActiveCfg = Release|Any CPU
		{0703F25A-F0E5-484E-88FA-24E2B657E7D1}.Release|Any CPU.Build.0 = Release|Any CPU
	EndGlobalSection
	GlobalSection(SolutionProperties) = preSolution
		HideSolutionNode = FALSE
	EndGlobalSection
	GlobalSection(ExtensibilityGlobals) = postSolution
		SolutionGuid = {2275AD56-7A03-4E7B-B9EA-9751F7287C23}
	EndGlobalSection
EndGlobal
